
Microsoft Visual Studio Solution File, Format Version 12.00
Project("{FAE04EC0-301F-11D3-BF4B-00C04F79EFBC}") = "YayNay.Core.Domain", "src\YayNay.Core.Domain\YayNay.Core.Domain.csproj", "{2F0D84ED-113B-4228-9761-5C2100239BD3}"
EndProject
Project("{FAE04EC0-301F-11D3-BF4B-00C04F79EFBC}") = "YayNay.Core.Infrastructure", "src\YayNay.Core.Infrastructure\YayNay.Core.Infrastructure.csproj", "{6527CC41-0264-4508-A199-3AF95B76C017}"
EndProject
Project("{FAE04EC0-301F-11D3-BF4B-00C04F79EFBC}") = "YayNay.Core.UnitTests", "src\YayNay.Core.UnitTests\YayNay.Core.UnitTests.csproj", "{DD48A4C7-E83F-419A-B1B7-BAADB24062FC}"
EndProject
Project("{FAE04EC0-301F-11D3-BF4B-00C04F79EFBC}") = "YayNay.IntegrationTests", "src\YayNay.IntegrationTests\YayNay.IntegrationTests.csproj", "{EE32A0A6-67A7-4DE0-BE26-F22296C56B9D}"
EndProject
Project("{FAE04EC0-301F-11D3-BF4B-00C04F79EFBC}") = "YayNay.ApiApp", "src\YayNay.ApiApp\YayNay.ApiApp.csproj", "{1A89E98E-9FD5-4650-BCAC-A1097AFDDF70}"
EndProject
Project("{FAE04EC0-301F-11D3-BF4B-00C04F79EFBC}") = "YayNay.Tests.Common", "src\YayNay.Tests.Common\YayNay.Tests.Common.csproj", "{1295D21C-B2E7-4CA4-BA18-A43300B648E0}"
EndProject
Project("{FAE04EC0-301F-11D3-BF4B-00C04F79EFBC}") = "YayNay.ApiApp.UnitTests", "src\YayNay.ApiApp.UnitTests\YayNay.ApiApp.UnitTests.csproj", "{54BCE035-D0BF-4568-B815-D79492B84BB8}"
EndProject
Project("{2150E333-8FDC-42A3-9474-1A3956D46DE8}") = "tests", "tests", "{FF439070-118C-4D6B-B916-222ABF3DB245}"
EndProject
Project("{2150E333-8FDC-42A3-9474-1A3956D46DE8}") = "apps", "apps", "{8C3B5F0A-A725-4269-8FF2-38BA35C32572}"
EndProject
Project("{2150E333-8FDC-42A3-9474-1A3956D46DE8}") = "core", "core", "{D248193E-C7B4-41F7-9649-0929EADE8E33}"
EndProject
Global
	GlobalSection(SolutionConfigurationPlatforms) = preSolution
		Debug|Any CPU = Debug|Any CPU
		Release|Any CPU = Release|Any CPU
	EndGlobalSection
	GlobalSection(ProjectConfigurationPlatforms) = postSolution
		{2F0D84ED-113B-4228-9761-5C2100239BD3}.Debug|Any CPU.ActiveCfg = Debug|Any CPU
		{2F0D84ED-113B-4228-9761-5C2100239BD3}.Debug|Any CPU.Build.0 = Debug|Any CPU
		{2F0D84ED-113B-4228-9761-5C2100239BD3}.Release|Any CPU.ActiveCfg = Release|Any CPU
		{2F0D84ED-113B-4228-9761-5C2100239BD3}.Release|Any CPU.Build.0 = Release|Any CPU
		{6527CC41-0264-4508-A199-3AF95B76C017}.Debug|Any CPU.ActiveCfg = Debug|Any CPU
		{6527CC41-0264-4508-A199-3AF95B76C017}.Debug|Any CPU.Build.0 = Debug|Any CPU
		{6527CC41-0264-4508-A199-3AF95B76C017}.Release|Any CPU.ActiveCfg = Release|Any CPU
		{6527CC41-0264-4508-A199-3AF95B76C017}.Release|Any CPU.Build.0 = Release|Any CPU
		{DD48A4C7-E83F-419A-B1B7-BAADB24062FC}.Debug|Any CPU.ActiveCfg = Debug|Any CPU
		{DD48A4C7-E83F-419A-B1B7-BAADB24062FC}.Debug|Any CPU.Build.0 = Debug|Any CPU
		{DD48A4C7-E83F-419A-B1B7-BAADB24062FC}.Release|Any CPU.ActiveCfg = Release|Any CPU
		{DD48A4C7-E83F-419A-B1B7-BAADB24062FC}.Release|Any CPU.Build.0 = Release|Any CPU
		{EE32A0A6-67A7-4DE0-BE26-F22296C56B9D}.Debug|Any CPU.ActiveCfg = Debug|Any CPU
		{EE32A0A6-67A7-4DE0-BE26-F22296C56B9D}.Debug|Any CPU.Build.0 = Debug|Any CPU
		{EE32A0A6-67A7-4DE0-BE26-F22296C56B9D}.Release|Any CPU.ActiveCfg = Release|Any CPU
		{EE32A0A6-67A7-4DE0-BE26-F22296C56B9D}.Release|Any CPU.Build.0 = Release|Any CPU
		{1A89E98E-9FD5-4650-BCAC-A1097AFDDF70}.Debug|Any CPU.ActiveCfg = Debug|Any CPU
		{1A89E98E-9FD5-4650-BCAC-A1097AFDDF70}.Debug|Any CPU.Build.0 = Debug|Any CPU
		{1A89E98E-9FD5-4650-BCAC-A1097AFDDF70}.Release|Any CPU.ActiveCfg = Release|Any CPU
		{1A89E98E-9FD5-4650-BCAC-A1097AFDDF70}.Release|Any CPU.Build.0 = Release|Any CPU
		{1295D21C-B2E7-4CA4-BA18-A43300B648E0}.Debug|Any CPU.ActiveCfg = Debug|Any CPU
		{1295D21C-B2E7-4CA4-BA18-A43300B648E0}.Debug|Any CPU.Build.0 = Debug|Any CPU
		{1295D21C-B2E7-4CA4-BA18-A43300B648E0}.Release|Any CPU.ActiveCfg = Release|Any CPU
		{1295D21C-B2E7-4CA4-BA18-A43300B648E0}.Release|Any CPU.Build.0 = Release|Any CPU
		{54BCE035-D0BF-4568-B815-D79492B84BB8}.Debug|Any CPU.ActiveCfg = Debug|Any CPU
		{54BCE035-D0BF-4568-B815-D79492B84BB8}.Debug|Any CPU.Build.0 = Debug|Any CPU
		{54BCE035-D0BF-4568-B815-D79492B84BB8}.Release|Any CPU.ActiveCfg = Release|Any CPU
		{54BCE035-D0BF-4568-B815-D79492B84BB8}.Release|Any CPU.Build.0 = Release|Any CPU
	EndGlobalSection
	GlobalSection(NestedProjects) = preSolution
		{DD48A4C7-E83F-419A-B1B7-BAADB24062FC} = {FF439070-118C-4D6B-B916-222ABF3DB245}
		{EE32A0A6-67A7-4DE0-BE26-F22296C56B9D} = {FF439070-118C-4D6B-B916-222ABF3DB245}
		{54BCE035-D0BF-4568-B815-D79492B84BB8} = {FF439070-118C-4D6B-B916-222ABF3DB245}
		{2F0D84ED-113B-4228-9761-5C2100239BD3} = {D248193E-C7B4-41F7-9649-0929EADE8E33}
		{6527CC41-0264-4508-A199-3AF95B76C017} = {D248193E-C7B4-41F7-9649-0929EADE8E33}
		{1295D21C-B2E7-4CA4-BA18-A43300B648E0} = {FF439070-118C-4D6B-B916-222ABF3DB245}
		{1A89E98E-9FD5-4650-BCAC-A1097AFDDF70} = {8C3B5F0A-A725-4269-8FF2-38BA35C32572}
	EndGlobalSection
EndGlobal
